// !$*UTF8*$!
{
	archiveVersion = 1;
	classes = {
	};
	objectVersion = 50;
	objects = {

/* Begin PBXBuildFile section */
		B715F8782475BE8400BB98CD /* UserDefaultsBacked.swift in Sources */ = {isa = PBXBuildFile; fileRef = B715F8772475BE8400BB98CD /* UserDefaultsBacked.swift */; };
		B715F87A2475BF7B00BB98CD /* AnyOptional.swift in Sources */ = {isa = PBXBuildFile; fileRef = B715F8792475BF7B00BB98CD /* AnyOptional.swift */; };
		B715F87D2475C0FF00BB98CD /* SetExtensions.swift in Sources */ = {isa = PBXBuildFile; fileRef = B715F87C2475C0FF00BB98CD /* SetExtensions.swift */; };
		B715F87F2475C1E700BB98CD /* NameDescribable.swift in Sources */ = {isa = PBXBuildFile; fileRef = B715F87E2475C1E700BB98CD /* NameDescribable.swift */; };
		B715F8812475C1FC00BB98CD /* UIViewControllerExtensions.swift in Sources */ = {isa = PBXBuildFile; fileRef = B715F8802475C1FC00BB98CD /* UIViewControllerExtensions.swift */; };
		B715F8852475C41700BB98CD /* PMGeneralError.swift in Sources */ = {isa = PBXBuildFile; fileRef = B715F8842475C41700BB98CD /* PMGeneralError.swift */; };
		B715F8872475C62000BB98CD /* UITextViewExtensions.swift in Sources */ = {isa = PBXBuildFile; fileRef = B715F8862475C62000BB98CD /* UITextViewExtensions.swift */; };
		B715F8892475C84A00BB98CD /* ClosureSleeve.swift in Sources */ = {isa = PBXBuildFile; fileRef = B715F8882475C84A00BB98CD /* ClosureSleeve.swift */; };
		B715F88C2475C8FE00BB98CD /* UIViewExtensitions.swift in Sources */ = {isa = PBXBuildFile; fileRef = B715F88B2475C8FE00BB98CD /* UIViewExtensitions.swift */; };
		B715F88E2475CDC300BB98CD /* UIControlExtensions.swift in Sources */ = {isa = PBXBuildFile; fileRef = B715F88D2475CDC300BB98CD /* UIControlExtensions.swift */; };
		B715F8912475D5C500BB98CD /* BundleExtensions.swift in Sources */ = {isa = PBXBuildFile; fileRef = B715F8902475D5C500BB98CD /* BundleExtensions.swift */; };
		B73B618B24780487003CE4C0 /* PMath.swift in Sources */ = {isa = PBXBuildFile; fileRef = B73B618A24780487003CE4C0 /* PMath.swift */; };
		B73B61A224784AB4003CE4C0 /* MerchantKit.framework in Frameworks */ = {isa = PBXBuildFile; fileRef = B73B619524784780003CE4C0 /* MerchantKit.framework */; };
		B73B61A324784AB4003CE4C0 /* MerchantKit.framework in Embed Frameworks */ = {isa = PBXBuildFile; fileRef = B73B619524784780003CE4C0 /* MerchantKit.framework */; settings = {ATTRIBUTES = (CodeSignOnCopy, RemoveHeadersOnCopy, ); }; };
		B73B61AD24784BE5003CE4C0 /* SVProgressHUD.framework in Frameworks */ = {isa = PBXBuildFile; fileRef = B73B61AA24784BCB003CE4C0 /* SVProgressHUD.framework */; };
		B73B61AE24784BE5003CE4C0 /* SVProgressHUD.framework in Embed Frameworks */ = {isa = PBXBuildFile; fileRef = B73B61AA24784BCB003CE4C0 /* SVProgressHUD.framework */; settings = {ATTRIBUTES = (CodeSignOnCopy, RemoveHeadersOnCopy, ); }; };
		B74C203D2475901D0097A513 /* Pimine.h in Headers */ = {isa = PBXBuildFile; fileRef = B74C203B2475901D0097A513 /* Pimine.h */; settings = {ATTRIBUTES = (Public, ); }; };
		B74C205C247590AD0097A513 /* SwifterSwift.framework in Frameworks */ = {isa = PBXBuildFile; fileRef = B74C204E2475909F0097A513 /* SwifterSwift.framework */; };
		B74C205D247590AD0097A513 /* SwifterSwift.framework in Embed Frameworks */ = {isa = PBXBuildFile; fileRef = B74C204E2475909F0097A513 /* SwifterSwift.framework */; settings = {ATTRIBUTES = (CodeSignOnCopy, RemoveHeadersOnCopy, ); }; };
		B74C206A24759A470097A513 /* PMUtilities.swift in Sources */ = {isa = PBXBuildFile; fileRef = B74C206924759A470097A513 /* PMUtilities.swift */; };
		B74C206E24759CAB0097A513 /* UIApplicationExtensions.swift in Sources */ = {isa = PBXBuildFile; fileRef = B74C206D24759CAB0097A513 /* UIApplicationExtensions.swift */; };
		B74C20792475AA750097A513 /* PMAlert.swift in Sources */ = {isa = PBXBuildFile; fileRef = B74C20782475AA750097A513 /* PMAlert.swift */; };
		B75A63A52479411500DBDB36 /* StoreMessages.swift in Sources */ = {isa = PBXBuildFile; fileRef = B75A63A42479411500DBDB36 /* StoreMessages.swift */; };
		B75A63A7247942AE00DBDB36 /* PMerchantController.swift in Sources */ = {isa = PBXBuildFile; fileRef = B75A63A6247942AE00DBDB36 /* PMerchantController.swift */; };
		B75A63AA2479495900DBDB36 /* ProductInterfaceControllerExtensions.swift in Sources */ = {isa = PBXBuildFile; fileRef = B75A63A92479495900DBDB36 /* ProductInterfaceControllerExtensions.swift */; };
		B75A63AC24794E5B00DBDB36 /* PMSubscriptionPriceFormatter.swift in Sources */ = {isa = PBXBuildFile; fileRef = B75A63AB24794E5B00DBDB36 /* PMSubscriptionPriceFormatter.swift */; };
		B768DAB32475DFC700FA3B79 /* UITabBarControllerExtensions.swift in Sources */ = {isa = PBXBuildFile; fileRef = B768DAB22475DFC700FA3B79 /* UITabBarControllerExtensions.swift */; };
		B768DABC2475E24200FA3B79 /* UILabelExtensions.swift in Sources */ = {isa = PBXBuildFile; fileRef = B768DABB2475E24200FA3B79 /* UILabelExtensions.swift */; };
		B768DABE2475E37900FA3B79 /* CollectionExtensions.swift in Sources */ = {isa = PBXBuildFile; fileRef = B768DABD2475E37900FA3B79 /* CollectionExtensions.swift */; };
		B768DAC62475E68100FA3B79 /* UIStackViewExtensions.swift in Sources */ = {isa = PBXBuildFile; fileRef = B768DAC52475E68100FA3B79 /* UIStackViewExtensions.swift */; };
		B7868A42247967AD00367630 /* PMPurchasesRestoringController.swift in Sources */ = {isa = PBXBuildFile; fileRef = B7868A41247967AD00367630 /* PMPurchasesRestoringController.swift */; };
		EB4086B924B8C97400A09084 /* PMUserNotificationManager.swift in Sources */ = {isa = PBXBuildFile; fileRef = EB4086B824B8C97400A09084 /* PMUserNotificationManager.swift */; };
		EB4086C924B8CAE700A09084 /* UtilitiesMessages.swift in Sources */ = {isa = PBXBuildFile; fileRef = EB4086C824B8CAE700A09084 /* UtilitiesMessages.swift */; };
/* End PBXBuildFile section */

/* Begin PBXContainerItemProxy section */
		B73B619424784780003CE4C0 /* PBXContainerItemProxy */ = {
			isa = PBXContainerItemProxy;
			containerPortal = B73B618C24784780003CE4C0 /* MerchantKit.xcodeproj */;
			proxyType = 2;
			remoteGlobalIDString = 4342025D1EAE08F80012983A;
			remoteInfo = MerchantKit;
		};
		B73B619624784780003CE4C0 /* PBXContainerItemProxy */ = {
			isa = PBXContainerItemProxy;
			containerPortal = B73B618C24784780003CE4C0 /* MerchantKit.xcodeproj */;
			proxyType = 2;
			remoteGlobalIDString = 434202661EAE08F80012983A;
			remoteInfo = "MerchantKitTests-iOS";
		};
		B73B619824784780003CE4C0 /* PBXContainerItemProxy */ = {
			isa = PBXContainerItemProxy;
			containerPortal = B73B618C24784780003CE4C0 /* MerchantKit.xcodeproj */;
			proxyType = 2;
			remoteGlobalIDString = 4370FD00220C48CF003BA681;
			remoteInfo = "MerchantKitTestsHost-iOS";
		};
		B73B619A24784780003CE4C0 /* PBXContainerItemProxy */ = {
			isa = PBXContainerItemProxy;
			containerPortal = B73B618C24784780003CE4C0 /* MerchantKit.xcodeproj */;
			proxyType = 2;
			remoteGlobalIDString = 439FA1422308A4D700FCCBA3;
			remoteInfo = "MerchantKitTests-macOS";
		};
		B73B619C24784780003CE4C0 /* PBXContainerItemProxy */ = {
			isa = PBXContainerItemProxy;
			containerPortal = B73B618C24784780003CE4C0 /* MerchantKit.xcodeproj */;
			proxyType = 2;
			remoteGlobalIDString = 439FA1832309735A00FCCBA3;
			remoteInfo = "MerchantKitTestsHost-macOS";
		};
		B73B61A924784BCB003CE4C0 /* PBXContainerItemProxy */ = {
			isa = PBXContainerItemProxy;
			containerPortal = B73B61A424784BCB003CE4C0 /* SVProgressHUD.xcodeproj */;
			proxyType = 2;
			remoteGlobalIDString = 4A9D7DD81AB345980039B273;
			remoteInfo = "SVProgressHUD-Framework";
		};
		B73B61AB24784BCB003CE4C0 /* PBXContainerItemProxy */ = {
			isa = PBXContainerItemProxy;
			containerPortal = B73B61A424784BCB003CE4C0 /* SVProgressHUD.xcodeproj */;
			proxyType = 2;
			remoteGlobalIDString = 65F021FC15C857EF0030BBEF;
			remoteInfo = SVProgressHUD;
		};
		B74C204D2475909F0097A513 /* PBXContainerItemProxy */ = {
			isa = PBXContainerItemProxy;
			containerPortal = B74C20432475909F0097A513 /* SwifterSwift.xcodeproj */;
			proxyType = 2;
			remoteGlobalIDString = 07898B5D1F278D7600558C97;
			remoteInfo = "SwifterSwift-iOS";
		};
		B74C204F2475909F0097A513 /* PBXContainerItemProxy */ = {
			isa = PBXContainerItemProxy;
			containerPortal = B74C20432475909F0097A513 /* SwifterSwift.xcodeproj */;
			proxyType = 2;
			remoteGlobalIDString = 07898B6B1F278D9700558C97;
			remoteInfo = "SwifterSwift-tvOS";
		};
		B74C20512475909F0097A513 /* PBXContainerItemProxy */ = {
			isa = PBXContainerItemProxy;
			containerPortal = B74C20432475909F0097A513 /* SwifterSwift.xcodeproj */;
			proxyType = 2;
			remoteGlobalIDString = 07898B781F278DBC00558C97;
			remoteInfo = "SwifterSwift-watchOS";
		};
		B74C20532475909F0097A513 /* PBXContainerItemProxy */ = {
			isa = PBXContainerItemProxy;
			containerPortal = B74C20432475909F0097A513 /* SwifterSwift.xcodeproj */;
			proxyType = 2;
			remoteGlobalIDString = 07898B851F278DD200558C97;
			remoteInfo = "SwifterSwift-macOS";
		};
		B74C20552475909F0097A513 /* PBXContainerItemProxy */ = {
			isa = PBXContainerItemProxy;
			containerPortal = B74C20432475909F0097A513 /* SwifterSwift.xcodeproj */;
			proxyType = 2;
			remoteGlobalIDString = 07C50CC91F5EAF2700F46E5A;
			remoteInfo = "SwifterSwift-iOSTests";
		};
		B74C20572475909F0097A513 /* PBXContainerItemProxy */ = {
			isa = PBXContainerItemProxy;
			containerPortal = B74C20432475909F0097A513 /* SwifterSwift.xcodeproj */;
			proxyType = 2;
			remoteGlobalIDString = 07C50CD81F5EAF4B00F46E5A;
			remoteInfo = "SwifterSwift-tvOSTests";
		};
		B74C20592475909F0097A513 /* PBXContainerItemProxy */ = {
			isa = PBXContainerItemProxy;
			containerPortal = B74C20432475909F0097A513 /* SwifterSwift.xcodeproj */;
			proxyType = 2;
			remoteGlobalIDString = 07C50CE71F5EAF6300F46E5A;
			remoteInfo = "SwifterSwift-macOSTests";
		};
/* End PBXContainerItemProxy section */

/* Begin PBXCopyFilesBuildPhase section */
		B74C205E247590AD0097A513 /* Embed Frameworks */ = {
			isa = PBXCopyFilesBuildPhase;
			buildActionMask = 2147483647;
			dstPath = "";
			dstSubfolderSpec = 10;
			files = (
				B73B61AE24784BE5003CE4C0 /* SVProgressHUD.framework in Embed Frameworks */,
				B74C205D247590AD0097A513 /* SwifterSwift.framework in Embed Frameworks */,
				B73B61A324784AB4003CE4C0 /* MerchantKit.framework in Embed Frameworks */,
			);
			name = "Embed Frameworks";
			runOnlyForDeploymentPostprocessing = 0;
		};
/* End PBXCopyFilesBuildPhase section */

/* Begin PBXFileReference section */
		B715F8772475BE8400BB98CD /* UserDefaultsBacked.swift */ = {isa = PBXFileReference; lastKnownFileType = sourcecode.swift; path = UserDefaultsBacked.swift; sourceTree = "<group>"; };
		B715F8792475BF7B00BB98CD /* AnyOptional.swift */ = {isa = PBXFileReference; lastKnownFileType = sourcecode.swift; path = AnyOptional.swift; sourceTree = "<group>"; };
		B715F87C2475C0FF00BB98CD /* SetExtensions.swift */ = {isa = PBXFileReference; lastKnownFileType = sourcecode.swift; path = SetExtensions.swift; sourceTree = "<group>"; };
		B715F87E2475C1E700BB98CD /* NameDescribable.swift */ = {isa = PBXFileReference; lastKnownFileType = sourcecode.swift; path = NameDescribable.swift; sourceTree = "<group>"; };
		B715F8802475C1FC00BB98CD /* UIViewControllerExtensions.swift */ = {isa = PBXFileReference; lastKnownFileType = sourcecode.swift; path = UIViewControllerExtensions.swift; sourceTree = "<group>"; };
		B715F8842475C41700BB98CD /* PMGeneralError.swift */ = {isa = PBXFileReference; lastKnownFileType = sourcecode.swift; path = PMGeneralError.swift; sourceTree = "<group>"; };
		B715F8862475C62000BB98CD /* UITextViewExtensions.swift */ = {isa = PBXFileReference; lastKnownFileType = sourcecode.swift; path = UITextViewExtensions.swift; sourceTree = "<group>"; };
		B715F8882475C84A00BB98CD /* ClosureSleeve.swift */ = {isa = PBXFileReference; lastKnownFileType = sourcecode.swift; path = ClosureSleeve.swift; sourceTree = "<group>"; };
		B715F88B2475C8FE00BB98CD /* UIViewExtensitions.swift */ = {isa = PBXFileReference; lastKnownFileType = sourcecode.swift; path = UIViewExtensitions.swift; sourceTree = "<group>"; };
		B715F88D2475CDC300BB98CD /* UIControlExtensions.swift */ = {isa = PBXFileReference; lastKnownFileType = sourcecode.swift; path = UIControlExtensions.swift; sourceTree = "<group>"; };
		B715F8902475D5C500BB98CD /* BundleExtensions.swift */ = {isa = PBXFileReference; lastKnownFileType = sourcecode.swift; path = BundleExtensions.swift; sourceTree = "<group>"; };
		B73B618A24780487003CE4C0 /* PMath.swift */ = {isa = PBXFileReference; lastKnownFileType = sourcecode.swift; path = PMath.swift; sourceTree = "<group>"; };
		B73B618C24784780003CE4C0 /* MerchantKit.xcodeproj */ = {isa = PBXFileReference; lastKnownFileType = "wrapper.pb-project"; name = MerchantKit.xcodeproj; path = merchantkit/MerchantKit.xcodeproj; sourceTree = "<group>"; };
		B73B61A424784BCB003CE4C0 /* SVProgressHUD.xcodeproj */ = {isa = PBXFileReference; lastKnownFileType = "wrapper.pb-project"; name = SVProgressHUD.xcodeproj; path = SVProgressHUD/SVProgressHUD.xcodeproj; sourceTree = "<group>"; };
		B74C20382475901D0097A513 /* PimineSDK.framework */ = {isa = PBXFileReference; explicitFileType = wrapper.framework; includeInIndex = 0; path = PimineSDK.framework; sourceTree = BUILT_PRODUCTS_DIR; };
		B74C203B2475901D0097A513 /* Pimine.h */ = {isa = PBXFileReference; lastKnownFileType = sourcecode.c.h; path = Pimine.h; sourceTree = "<group>"; };
		B74C203C2475901D0097A513 /* Info.plist */ = {isa = PBXFileReference; lastKnownFileType = text.plist.xml; path = Info.plist; sourceTree = "<group>"; };
		B74C20432475909F0097A513 /* SwifterSwift.xcodeproj */ = {isa = PBXFileReference; lastKnownFileType = "wrapper.pb-project"; name = SwifterSwift.xcodeproj; path = SwifterSwift/SwifterSwift.xcodeproj; sourceTree = "<group>"; };
		B74C206924759A470097A513 /* PMUtilities.swift */ = {isa = PBXFileReference; lastKnownFileType = sourcecode.swift; path = PMUtilities.swift; sourceTree = "<group>"; };
		B74C206D24759CAB0097A513 /* UIApplicationExtensions.swift */ = {isa = PBXFileReference; lastKnownFileType = sourcecode.swift; path = UIApplicationExtensions.swift; sourceTree = "<group>"; };
		B74C20782475AA750097A513 /* PMAlert.swift */ = {isa = PBXFileReference; lastKnownFileType = sourcecode.swift; path = PMAlert.swift; sourceTree = "<group>"; };
		B75A63A42479411500DBDB36 /* StoreMessages.swift */ = {isa = PBXFileReference; lastKnownFileType = sourcecode.swift; path = StoreMessages.swift; sourceTree = "<group>"; };
		B75A63A6247942AE00DBDB36 /* PMerchantController.swift */ = {isa = PBXFileReference; lastKnownFileType = sourcecode.swift; path = PMerchantController.swift; sourceTree = "<group>"; };
		B75A63A92479495900DBDB36 /* ProductInterfaceControllerExtensions.swift */ = {isa = PBXFileReference; lastKnownFileType = sourcecode.swift; path = ProductInterfaceControllerExtensions.swift; sourceTree = "<group>"; };
		B75A63AB24794E5B00DBDB36 /* PMSubscriptionPriceFormatter.swift */ = {isa = PBXFileReference; lastKnownFileType = sourcecode.swift; path = PMSubscriptionPriceFormatter.swift; sourceTree = "<group>"; };
		B768DAB22475DFC700FA3B79 /* UITabBarControllerExtensions.swift */ = {isa = PBXFileReference; lastKnownFileType = sourcecode.swift; path = UITabBarControllerExtensions.swift; sourceTree = "<group>"; };
		B768DABB2475E24200FA3B79 /* UILabelExtensions.swift */ = {isa = PBXFileReference; lastKnownFileType = sourcecode.swift; path = UILabelExtensions.swift; sourceTree = "<group>"; };
		B768DABD2475E37900FA3B79 /* CollectionExtensions.swift */ = {isa = PBXFileReference; lastKnownFileType = sourcecode.swift; path = CollectionExtensions.swift; sourceTree = "<group>"; };
		B768DAC52475E68100FA3B79 /* UIStackViewExtensions.swift */ = {isa = PBXFileReference; lastKnownFileType = sourcecode.swift; path = UIStackViewExtensions.swift; sourceTree = "<group>"; };
		B7868A41247967AD00367630 /* PMPurchasesRestoringController.swift */ = {isa = PBXFileReference; lastKnownFileType = sourcecode.swift; path = PMPurchasesRestoringController.swift; sourceTree = "<group>"; };
		EB4086B824B8C97400A09084 /* PMUserNotificationManager.swift */ = {isa = PBXFileReference; lastKnownFileType = sourcecode.swift; path = PMUserNotificationManager.swift; sourceTree = "<group>"; };
		EB4086C824B8CAE700A09084 /* UtilitiesMessages.swift */ = {isa = PBXFileReference; lastKnownFileType = sourcecode.swift; path = UtilitiesMessages.swift; sourceTree = "<group>"; };
/* End PBXFileReference section */

/* Begin PBXFrameworksBuildPhase section */
		B74C20352475901D0097A513 /* Frameworks */ = {
			isa = PBXFrameworksBuildPhase;
			buildActionMask = 2147483647;
			files = (
				B73B61AD24784BE5003CE4C0 /* SVProgressHUD.framework in Frameworks */,
				B74C205C247590AD0097A513 /* SwifterSwift.framework in Frameworks */,
				B73B61A224784AB4003CE4C0 /* MerchantKit.framework in Frameworks */,
			);
			runOnlyForDeploymentPostprocessing = 0;
		};
/* End PBXFrameworksBuildPhase section */

/* Begin PBXGroup section */
		B715F87B2475C0E600BB98CD /* SwiftStdLib */ = {
			isa = PBXGroup;
			children = (
				B715F87C2475C0FF00BB98CD /* SetExtensions.swift */,
				B768DABD2475E37900FA3B79 /* CollectionExtensions.swift */,
			);
			path = SwiftStdLib;
			sourceTree = "<group>";
		};
		B715F8822475C32500BB98CD /* PropertyWrappers */ = {
			isa = PBXGroup;
			children = (
				B715F8772475BE8400BB98CD /* UserDefaultsBacked.swift */,
			);
			path = PropertyWrappers;
			sourceTree = "<group>";
		};
		B715F88F2475D5A500BB98CD /* Foundation */ = {
			isa = PBXGroup;
			children = (
				B715F8902475D5C500BB98CD /* BundleExtensions.swift */,
			);
			path = Foundation;
			sourceTree = "<group>";
		};
		B73B61822478047B003CE4C0 /* Math */ = {
			isa = PBXGroup;
			children = (
				B73B618A24780487003CE4C0 /* PMath.swift */,
			);
			path = Math;
			sourceTree = "<group>";
		};
		B73B618D24784780003CE4C0 /* Products */ = {
			isa = PBXGroup;
			children = (
				B73B619524784780003CE4C0 /* MerchantKit.framework */,
				B73B619724784780003CE4C0 /* MerchantKitTests-iOS.xctest */,
				B73B619924784780003CE4C0 /* MerchantKitTestsHost-iOS.app */,
				B73B619B24784780003CE4C0 /* MerchantKitTests-macOS.xctest */,
				B73B619D24784780003CE4C0 /* MerchantKitTestsHost-macOS.app */,
			);
			name = Products;
			sourceTree = "<group>";
		};
		B73B61A524784BCB003CE4C0 /* Products */ = {
			isa = PBXGroup;
			children = (
				B73B61AA24784BCB003CE4C0 /* SVProgressHUD.framework */,
				B73B61AC24784BCB003CE4C0 /* libSVProgressHUD.a */,
			);
			name = Products;
			sourceTree = "<group>";
		};
		B73B61E224792F32003CE4C0 /* Internal */ = {
			isa = PBXGroup;
			children = (
				B715F8882475C84A00BB98CD /* ClosureSleeve.swift */,
			);
			path = Internal;
			sourceTree = "<group>";
		};
		B74C202E2475901D0097A513 = {
			isa = PBXGroup;
			children = (
				B73B61A424784BCB003CE4C0 /* SVProgressHUD.xcodeproj */,
				B73B618C24784780003CE4C0 /* MerchantKit.xcodeproj */,
				B74C20432475909F0097A513 /* SwifterSwift.xcodeproj */,
				B74C203A2475901D0097A513 /* Sources */,
				B74C20392475901D0097A513 /* Products */,
				B74C205B247590AD0097A513 /* Frameworks */,
			);
			sourceTree = "<group>";
		};
		B74C20392475901D0097A513 /* Products */ = {
			isa = PBXGroup;
			children = (
				B74C20382475901D0097A513 /* PimineSDK.framework */,
			);
			name = Products;
			sourceTree = "<group>";
		};
		B74C203A2475901D0097A513 /* Sources */ = {
			isa = PBXGroup;
			children = (
				B75A638F2479322800DBDB36 /* Models */,
				B75A639E2479326E00DBDB36 /* Submodules */,
				B74C20772475A9690097A513 /* Support files */,
			);
			path = Sources;
			sourceTree = "<group>";
		};
		B74C20442475909F0097A513 /* Products */ = {
			isa = PBXGroup;
			children = (
				B74C204E2475909F0097A513 /* SwifterSwift.framework */,
				B74C20502475909F0097A513 /* SwifterSwift.framework */,
				B74C20522475909F0097A513 /* SwifterSwift.framework */,
				B74C20542475909F0097A513 /* SwifterSwift.framework */,
				B74C20562475909F0097A513 /* SwifterSwift-iOSTests.xctest */,
				B74C20582475909F0097A513 /* SwifterSwift-tvOSTests.xctest */,
				B74C205A2475909F0097A513 /* SwifterSwift-macOSTests.xctest */,
			);
			name = Products;
			sourceTree = "<group>";
		};
		B74C205B247590AD0097A513 /* Frameworks */ = {
			isa = PBXGroup;
			children = (
			);
			name = Frameworks;
			sourceTree = "<group>";
		};
		B74C2068247598890097A513 /* Utilities */ = {
			isa = PBXGroup;
			children = (
				B75A63A0247935F000DBDB36 /* Internal */,
				B715F8822475C32500BB98CD /* PropertyWrappers */,
				B74C20782475AA750097A513 /* PMAlert.swift */,
				B74C206924759A470097A513 /* PMUtilities.swift */,
				EB4086B824B8C97400A09084 /* PMUserNotificationManager.swift */,
			);
			path = Utilities;
			sourceTree = "<group>";
		};
		B74C206B24759C7A0097A513 /* HandyExtensions */ = {
			isa = PBXGroup;
			children = (
				B73B61E224792F32003CE4C0 /* Internal */,
				B715F88F2475D5A500BB98CD /* Foundation */,
				B715F87B2475C0E600BB98CD /* SwiftStdLib */,
				B74C206C24759C9B0097A513 /* UIKit */,
			);
			path = HandyExtensions;
			sourceTree = "<group>";
		};
		B74C206C24759C9B0097A513 /* UIKit */ = {
			isa = PBXGroup;
			children = (
				B75A63A224793CD600DBDB36 /* Protocols */,
				B768DABB2475E24200FA3B79 /* UILabelExtensions.swift */,
				B715F8862475C62000BB98CD /* UITextViewExtensions.swift */,
				B715F88B2475C8FE00BB98CD /* UIViewExtensitions.swift */,
				B715F88D2475CDC300BB98CD /* UIControlExtensions.swift */,
				B74C206D24759CAB0097A513 /* UIApplicationExtensions.swift */,
				B715F8802475C1FC00BB98CD /* UIViewControllerExtensions.swift */,
				B768DAB22475DFC700FA3B79 /* UITabBarControllerExtensions.swift */,
				B768DAC52475E68100FA3B79 /* UIStackViewExtensions.swift */,
			);
			path = UIKit;
			sourceTree = "<group>";
		};
		B74C20772475A9690097A513 /* Support files */ = {
			isa = PBXGroup;
			children = (
				B74C203B2475901D0097A513 /* Pimine.h */,
				B74C203C2475901D0097A513 /* Info.plist */,
			);
			path = "Support files";
			sourceTree = "<group>";
		};
		B75A638F2479322800DBDB36 /* Models */ = {
			isa = PBXGroup;
			children = (
				B715F8842475C41700BB98CD /* PMGeneralError.swift */,
			);
			path = Models;
			sourceTree = "<group>";
		};
		B75A639E2479326E00DBDB36 /* Submodules */ = {
			isa = PBXGroup;
			children = (
				B75A63A32479410700DBDB36 /* Store */,
				B73B61822478047B003CE4C0 /* Math */,
				B74C2068247598890097A513 /* Utilities */,
				B74C206B24759C7A0097A513 /* HandyExtensions */,
			);
			path = Submodules;
			sourceTree = "<group>";
		};
		B75A63A0247935F000DBDB36 /* Internal */ = {
			isa = PBXGroup;
			children = (
				B715F8792475BF7B00BB98CD /* AnyOptional.swift */,
				EB4086C824B8CAE700A09084 /* UtilitiesMessages.swift */,
			);
			path = Internal;
			sourceTree = "<group>";
		};
		B75A63A224793CD600DBDB36 /* Protocols */ = {
			isa = PBXGroup;
			children = (
				B715F87E2475C1E700BB98CD /* NameDescribable.swift */,
			);
			path = Protocols;
			sourceTree = "<group>";
		};
		B75A63A32479410700DBDB36 /* Store */ = {
			isa = PBXGroup;
			children = (
				EB4086CA24B8CAFA00A09084 /* Internal */,
				B75A63A82479494300DBDB36 /* Extensions */,
				B7868A51247968E400367630 /* Controllers */,
				B75A63AB24794E5B00DBDB36 /* PMSubscriptionPriceFormatter.swift */,
			);
			path = Store;
			sourceTree = "<group>";
		};
		B75A63A82479494300DBDB36 /* Extensions */ = {
			isa = PBXGroup;
			children = (
				B75A63A92479495900DBDB36 /* ProductInterfaceControllerExtensions.swift */,
			);
			path = Extensions;
			sourceTree = "<group>";
		};
		B7868A51247968E400367630 /* Controllers */ = {
			isa = PBXGroup;
			children = (
				B7868A41247967AD00367630 /* PMPurchasesRestoringController.swift */,
				B75A63A6247942AE00DBDB36 /* PMerchantController.swift */,
			);
			path = Controllers;
			sourceTree = "<group>";
		};
		EB4086CA24B8CAFA00A09084 /* Internal */ = {
			isa = PBXGroup;
			children = (
				B75A63A42479411500DBDB36 /* StoreMessages.swift */,
			);
			path = Internal;
			sourceTree = "<group>";
		};
/* End PBXGroup section */

/* Begin PBXHeadersBuildPhase section */
		B74C20332475901D0097A513 /* Headers */ = {
			isa = PBXHeadersBuildPhase;
			buildActionMask = 2147483647;
			files = (
				B74C203D2475901D0097A513 /* Pimine.h in Headers */,
			);
			runOnlyForDeploymentPostprocessing = 0;
		};
/* End PBXHeadersBuildPhase section */

/* Begin PBXNativeTarget section */
		B74C20372475901D0097A513 /* PimineSDK */ = {
			isa = PBXNativeTarget;
			buildConfigurationList = B74C20402475901D0097A513 /* Build configuration list for PBXNativeTarget "PimineSDK" */;
			buildPhases = (
				B74C20332475901D0097A513 /* Headers */,
				B74C20342475901D0097A513 /* Sources */,
				B74C20352475901D0097A513 /* Frameworks */,
				B74C20362475901D0097A513 /* Resources */,
				B74C205E247590AD0097A513 /* Embed Frameworks */,
			);
			buildRules = (
			);
			dependencies = (
			);
			name = PimineSDK;
			productName = PimineSDK;
			productReference = B74C20382475901D0097A513 /* PimineSDK.framework */;
			productType = "com.apple.product-type.framework";
		};
/* End PBXNativeTarget section */

/* Begin PBXProject section */
		B74C202F2475901D0097A513 /* Project object */ = {
			isa = PBXProject;
			attributes = {
				LastUpgradeCheck = 1140;
				ORGANIZATIONNAME = Pimine;
				TargetAttributes = {
					B74C20372475901D0097A513 = {
						CreatedOnToolsVersion = 11.4.1;
						LastSwiftMigration = 1140;
					};
				};
			};
			buildConfigurationList = B74C20322475901D0097A513 /* Build configuration list for PBXProject "PimineSDK" */;
			compatibilityVersion = "Xcode 9.3";
			developmentRegion = en;
			hasScannedForEncodings = 0;
			knownRegions = (
				en,
				Base,
			);
			mainGroup = B74C202E2475901D0097A513;
			productRefGroup = B74C20392475901D0097A513 /* Products */;
			projectDirPath = "";
			projectReferences = (
				{
					ProductGroup = B73B618D24784780003CE4C0 /* Products */;
					ProjectRef = B73B618C24784780003CE4C0 /* MerchantKit.xcodeproj */;
				},
				{
					ProductGroup = B73B61A524784BCB003CE4C0 /* Products */;
					ProjectRef = B73B61A424784BCB003CE4C0 /* SVProgressHUD.xcodeproj */;
				},
				{
					ProductGroup = B74C20442475909F0097A513 /* Products */;
					ProjectRef = B74C20432475909F0097A513 /* SwifterSwift.xcodeproj */;
				},
			);
			projectRoot = "";
			targets = (
				B74C20372475901D0097A513 /* PimineSDK */,
			);
		};
/* End PBXProject section */

/* Begin PBXReferenceProxy section */
		B73B619524784780003CE4C0 /* MerchantKit.framework */ = {
			isa = PBXReferenceProxy;
			fileType = wrapper.framework;
			path = MerchantKit.framework;
			remoteRef = B73B619424784780003CE4C0 /* PBXContainerItemProxy */;
			sourceTree = BUILT_PRODUCTS_DIR;
		};
		B73B619724784780003CE4C0 /* MerchantKitTests-iOS.xctest */ = {
			isa = PBXReferenceProxy;
			fileType = wrapper.cfbundle;
			path = "MerchantKitTests-iOS.xctest";
			remoteRef = B73B619624784780003CE4C0 /* PBXContainerItemProxy */;
			sourceTree = BUILT_PRODUCTS_DIR;
		};
		B73B619924784780003CE4C0 /* MerchantKitTestsHost-iOS.app */ = {
			isa = PBXReferenceProxy;
			fileType = wrapper.application;
			path = "MerchantKitTestsHost-iOS.app";
			remoteRef = B73B619824784780003CE4C0 /* PBXContainerItemProxy */;
			sourceTree = BUILT_PRODUCTS_DIR;
		};
		B73B619B24784780003CE4C0 /* MerchantKitTests-macOS.xctest */ = {
			isa = PBXReferenceProxy;
			fileType = wrapper.cfbundle;
			path = "MerchantKitTests-macOS.xctest";
			remoteRef = B73B619A24784780003CE4C0 /* PBXContainerItemProxy */;
			sourceTree = BUILT_PRODUCTS_DIR;
		};
		B73B619D24784780003CE4C0 /* MerchantKitTestsHost-macOS.app */ = {
			isa = PBXReferenceProxy;
			fileType = wrapper.application;
			path = "MerchantKitTestsHost-macOS.app";
			remoteRef = B73B619C24784780003CE4C0 /* PBXContainerItemProxy */;
			sourceTree = BUILT_PRODUCTS_DIR;
		};
		B73B61AA24784BCB003CE4C0 /* SVProgressHUD.framework */ = {
			isa = PBXReferenceProxy;
			fileType = wrapper.framework;
			path = SVProgressHUD.framework;
			remoteRef = B73B61A924784BCB003CE4C0 /* PBXContainerItemProxy */;
			sourceTree = BUILT_PRODUCTS_DIR;
		};
		B73B61AC24784BCB003CE4C0 /* libSVProgressHUD.a */ = {
			isa = PBXReferenceProxy;
			fileType = archive.ar;
			path = libSVProgressHUD.a;
			remoteRef = B73B61AB24784BCB003CE4C0 /* PBXContainerItemProxy */;
			sourceTree = BUILT_PRODUCTS_DIR;
		};
		B74C204E2475909F0097A513 /* SwifterSwift.framework */ = {
			isa = PBXReferenceProxy;
			fileType = wrapper.framework;
			path = SwifterSwift.framework;
			remoteRef = B74C204D2475909F0097A513 /* PBXContainerItemProxy */;
			sourceTree = BUILT_PRODUCTS_DIR;
		};
		B74C20502475909F0097A513 /* SwifterSwift.framework */ = {
			isa = PBXReferenceProxy;
			fileType = wrapper.framework;
			path = SwifterSwift.framework;
			remoteRef = B74C204F2475909F0097A513 /* PBXContainerItemProxy */;
			sourceTree = BUILT_PRODUCTS_DIR;
		};
		B74C20522475909F0097A513 /* SwifterSwift.framework */ = {
			isa = PBXReferenceProxy;
			fileType = wrapper.framework;
			path = SwifterSwift.framework;
			remoteRef = B74C20512475909F0097A513 /* PBXContainerItemProxy */;
			sourceTree = BUILT_PRODUCTS_DIR;
		};
		B74C20542475909F0097A513 /* SwifterSwift.framework */ = {
			isa = PBXReferenceProxy;
			fileType = wrapper.framework;
			path = SwifterSwift.framework;
			remoteRef = B74C20532475909F0097A513 /* PBXContainerItemProxy */;
			sourceTree = BUILT_PRODUCTS_DIR;
		};
		B74C20562475909F0097A513 /* SwifterSwift-iOSTests.xctest */ = {
			isa = PBXReferenceProxy;
			fileType = wrapper.cfbundle;
			path = "SwifterSwift-iOSTests.xctest";
			remoteRef = B74C20552475909F0097A513 /* PBXContainerItemProxy */;
			sourceTree = BUILT_PRODUCTS_DIR;
		};
		B74C20582475909F0097A513 /* SwifterSwift-tvOSTests.xctest */ = {
			isa = PBXReferenceProxy;
			fileType = wrapper.cfbundle;
			path = "SwifterSwift-tvOSTests.xctest";
			remoteRef = B74C20572475909F0097A513 /* PBXContainerItemProxy */;
			sourceTree = BUILT_PRODUCTS_DIR;
		};
		B74C205A2475909F0097A513 /* SwifterSwift-macOSTests.xctest */ = {
			isa = PBXReferenceProxy;
			fileType = wrapper.cfbundle;
			path = "SwifterSwift-macOSTests.xctest";
			remoteRef = B74C20592475909F0097A513 /* PBXContainerItemProxy */;
			sourceTree = BUILT_PRODUCTS_DIR;
		};
/* End PBXReferenceProxy section */

/* Begin PBXResourcesBuildPhase section */
		B74C20362475901D0097A513 /* Resources */ = {
			isa = PBXResourcesBuildPhase;
			buildActionMask = 2147483647;
			files = (
			);
			runOnlyForDeploymentPostprocessing = 0;
		};
/* End PBXResourcesBuildPhase section */

/* Begin PBXSourcesBuildPhase section */
		B74C20342475901D0097A513 /* Sources */ = {
			isa = PBXSourcesBuildPhase;
			buildActionMask = 2147483647;
			files = (
				B74C206E24759CAB0097A513 /* UIApplicationExtensions.swift in Sources */,
				B75A63A7247942AE00DBDB36 /* PMerchantController.swift in Sources */,
				B715F88E2475CDC300BB98CD /* UIControlExtensions.swift in Sources */,
				B7868A42247967AD00367630 /* PMPurchasesRestoringController.swift in Sources */,
				EB4086B924B8C97400A09084 /* PMUserNotificationManager.swift in Sources */,
				B75A63AC24794E5B00DBDB36 /* PMSubscriptionPriceFormatter.swift in Sources */,
				B715F88C2475C8FE00BB98CD /* UIViewExtensitions.swift in Sources */,
				B715F87F2475C1E700BB98CD /* NameDescribable.swift in Sources */,
				B73B618B24780487003CE4C0 /* PMath.swift in Sources */,
				B768DABC2475E24200FA3B79 /* UILabelExtensions.swift in Sources */,
				B715F8782475BE8400BB98CD /* UserDefaultsBacked.swift in Sources */,
				B715F87A2475BF7B00BB98CD /* AnyOptional.swift in Sources */,
				B715F8852475C41700BB98CD /* PMGeneralError.swift in Sources */,
				B768DAB32475DFC700FA3B79 /* UITabBarControllerExtensions.swift in Sources */,
				B715F8812475C1FC00BB98CD /* UIViewControllerExtensions.swift in Sources */,
				B75A63A52479411500DBDB36 /* StoreMessages.swift in Sources */,
				B768DAC62475E68100FA3B79 /* UIStackViewExtensions.swift in Sources */,
				B715F8892475C84A00BB98CD /* ClosureSleeve.swift in Sources */,
				B74C206A24759A470097A513 /* PMUtilities.swift in Sources */,
				B768DABE2475E37900FA3B79 /* CollectionExtensions.swift in Sources */,
				EB4086C924B8CAE700A09084 /* UtilitiesMessages.swift in Sources */,
				B715F87D2475C0FF00BB98CD /* SetExtensions.swift in Sources */,
				B74C20792475AA750097A513 /* PMAlert.swift in Sources */,
				B75A63AA2479495900DBDB36 /* ProductInterfaceControllerExtensions.swift in Sources */,
				B715F8872475C62000BB98CD /* UITextViewExtensions.swift in Sources */,
				B715F8912475D5C500BB98CD /* BundleExtensions.swift in Sources */,
			);
			runOnlyForDeploymentPostprocessing = 0;
		};
/* End PBXSourcesBuildPhase section */

/* Begin XCBuildConfiguration section */
		B74C203E2475901D0097A513 /* Debug */ = {
			isa = XCBuildConfiguration;
			buildSettings = {
				ALWAYS_SEARCH_USER_PATHS = NO;
				CLANG_ANALYZER_NONNULL = YES;
				CLANG_ANALYZER_NUMBER_OBJECT_CONVERSION = YES_AGGRESSIVE;
				CLANG_CXX_LANGUAGE_STANDARD = "gnu++14";
				CLANG_CXX_LIBRARY = "libc++";
				CLANG_ENABLE_MODULES = YES;
				CLANG_ENABLE_OBJC_ARC = YES;
				CLANG_ENABLE_OBJC_WEAK = YES;
				CLANG_WARN_BLOCK_CAPTURE_AUTORELEASING = YES;
				CLANG_WARN_BOOL_CONVERSION = YES;
				CLANG_WARN_COMMA = YES;
				CLANG_WARN_CONSTANT_CONVERSION = YES;
				CLANG_WARN_DEPRECATED_OBJC_IMPLEMENTATIONS = YES;
				CLANG_WARN_DIRECT_OBJC_ISA_USAGE = YES_ERROR;
				CLANG_WARN_DOCUMENTATION_COMMENTS = YES;
				CLANG_WARN_EMPTY_BODY = YES;
				CLANG_WARN_ENUM_CONVERSION = YES;
				CLANG_WARN_INFINITE_RECURSION = YES;
				CLANG_WARN_INT_CONVERSION = YES;
				CLANG_WARN_NON_LITERAL_NULL_CONVERSION = YES;
				CLANG_WARN_OBJC_IMPLICIT_RETAIN_SELF = YES;
				CLANG_WARN_OBJC_LITERAL_CONVERSION = YES;
				CLANG_WARN_OBJC_ROOT_CLASS = YES_ERROR;
				CLANG_WARN_RANGE_LOOP_ANALYSIS = YES;
				CLANG_WARN_STRICT_PROTOTYPES = YES;
				CLANG_WARN_SUSPICIOUS_MOVE = YES;
				CLANG_WARN_UNGUARDED_AVAILABILITY = YES_AGGRESSIVE;
				CLANG_WARN_UNREACHABLE_CODE = YES;
				CLANG_WARN__DUPLICATE_METHOD_MATCH = YES;
				COPY_PHASE_STRIP = NO;
				CURRENT_PROJECT_VERSION = 1;
				DEBUG_INFORMATION_FORMAT = dwarf;
				ENABLE_STRICT_OBJC_MSGSEND = YES;
				ENABLE_TESTABILITY = YES;
				GCC_C_LANGUAGE_STANDARD = gnu11;
				GCC_DYNAMIC_NO_PIC = NO;
				GCC_NO_COMMON_BLOCKS = YES;
				GCC_OPTIMIZATION_LEVEL = 0;
				GCC_PREPROCESSOR_DEFINITIONS = (
					"DEBUG=1",
					"$(inherited)",
				);
				GCC_WARN_64_TO_32_BIT_CONVERSION = YES;
				GCC_WARN_ABOUT_RETURN_TYPE = YES_ERROR;
				GCC_WARN_UNDECLARED_SELECTOR = YES;
				GCC_WARN_UNINITIALIZED_AUTOS = YES_AGGRESSIVE;
				GCC_WARN_UNUSED_FUNCTION = YES;
				GCC_WARN_UNUSED_VARIABLE = YES;
				IPHONEOS_DEPLOYMENT_TARGET = 13.4;
				MTL_ENABLE_DEBUG_INFO = INCLUDE_SOURCE;
				MTL_FAST_MATH = YES;
				ONLY_ACTIVE_ARCH = YES;
				SDKROOT = iphoneos;
				SWIFT_ACTIVE_COMPILATION_CONDITIONS = DEBUG;
				SWIFT_OPTIMIZATION_LEVEL = "-Onone";
				VERSIONING_SYSTEM = "apple-generic";
				VERSION_INFO_PREFIX = "";
			};
			name = Debug;
		};
		B74C203F2475901D0097A513 /* Release */ = {
			isa = XCBuildConfiguration;
			buildSettings = {
				ALWAYS_SEARCH_USER_PATHS = NO;
				CLANG_ANALYZER_NONNULL = YES;
				CLANG_ANALYZER_NUMBER_OBJECT_CONVERSION = YES_AGGRESSIVE;
				CLANG_CXX_LANGUAGE_STANDARD = "gnu++14";
				CLANG_CXX_LIBRARY = "libc++";
				CLANG_ENABLE_MODULES = YES;
				CLANG_ENABLE_OBJC_ARC = YES;
				CLANG_ENABLE_OBJC_WEAK = YES;
				CLANG_WARN_BLOCK_CAPTURE_AUTORELEASING = YES;
				CLANG_WARN_BOOL_CONVERSION = YES;
				CLANG_WARN_COMMA = YES;
				CLANG_WARN_CONSTANT_CONVERSION = YES;
				CLANG_WARN_DEPRECATED_OBJC_IMPLEMENTATIONS = YES;
				CLANG_WARN_DIRECT_OBJC_ISA_USAGE = YES_ERROR;
				CLANG_WARN_DOCUMENTATION_COMMENTS = YES;
				CLANG_WARN_EMPTY_BODY = YES;
				CLANG_WARN_ENUM_CONVERSION = YES;
				CLANG_WARN_INFINITE_RECURSION = YES;
				CLANG_WARN_INT_CONVERSION = YES;
				CLANG_WARN_NON_LITERAL_NULL_CONVERSION = YES;
				CLANG_WARN_OBJC_IMPLICIT_RETAIN_SELF = YES;
				CLANG_WARN_OBJC_LITERAL_CONVERSION = YES;
				CLANG_WARN_OBJC_ROOT_CLASS = YES_ERROR;
				CLANG_WARN_RANGE_LOOP_ANALYSIS = YES;
				CLANG_WARN_STRICT_PROTOTYPES = YES;
				CLANG_WARN_SUSPICIOUS_MOVE = YES;
				CLANG_WARN_UNGUARDED_AVAILABILITY = YES_AGGRESSIVE;
				CLANG_WARN_UNREACHABLE_CODE = YES;
				CLANG_WARN__DUPLICATE_METHOD_MATCH = YES;
				COPY_PHASE_STRIP = NO;
				CURRENT_PROJECT_VERSION = 1;
				DEBUG_INFORMATION_FORMAT = "dwarf-with-dsym";
				ENABLE_NS_ASSERTIONS = NO;
				ENABLE_STRICT_OBJC_MSGSEND = YES;
				GCC_C_LANGUAGE_STANDARD = gnu11;
				GCC_NO_COMMON_BLOCKS = YES;
				GCC_WARN_64_TO_32_BIT_CONVERSION = YES;
				GCC_WARN_ABOUT_RETURN_TYPE = YES_ERROR;
				GCC_WARN_UNDECLARED_SELECTOR = YES;
				GCC_WARN_UNINITIALIZED_AUTOS = YES_AGGRESSIVE;
				GCC_WARN_UNUSED_FUNCTION = YES;
				GCC_WARN_UNUSED_VARIABLE = YES;
				IPHONEOS_DEPLOYMENT_TARGET = 13.4;
				MTL_ENABLE_DEBUG_INFO = NO;
				MTL_FAST_MATH = YES;
				SDKROOT = iphoneos;
				SWIFT_COMPILATION_MODE = wholemodule;
				SWIFT_OPTIMIZATION_LEVEL = "-O";
				VALIDATE_PRODUCT = YES;
				VERSIONING_SYSTEM = "apple-generic";
				VERSION_INFO_PREFIX = "";
			};
			name = Release;
		};
		B74C20412475901D0097A513 /* Debug */ = {
			isa = XCBuildConfiguration;
			buildSettings = {
				CLANG_ENABLE_MODULES = YES;
				CODE_SIGN_STYLE = Automatic;
				CURRENT_PROJECT_VERSION = 0;
				DEFINES_MODULE = YES;
				DEVELOPMENT_TEAM = "";
				DYLIB_COMPATIBILITY_VERSION = 1;
				DYLIB_CURRENT_VERSION = 1;
				DYLIB_INSTALL_NAME_BASE = "@rpath";
				INFOPLIST_FILE = "Sources/Support files/Info.plist";
				INSTALL_PATH = "$(LOCAL_LIBRARY_DIR)/Frameworks";
				IPHONEOS_DEPLOYMENT_TARGET = 12.0;
				LD_RUNPATH_SEARCH_PATHS = (
					"$(inherited)",
					"@executable_path/Frameworks",
					"@loader_path/Frameworks",
				);
				MARKETING_VERSION = 0.3;
				PRODUCT_BUNDLE_IDENTIFIER = com.pimine.Pimine;
				PRODUCT_NAME = "$(TARGET_NAME:c99extidentifier)";
				SKIP_INSTALL = YES;
				SUPPORTS_MACCATALYST = NO;
				SWIFT_OPTIMIZATION_LEVEL = "-Onone";
				SWIFT_VERSION = 5.0;
				TARGETED_DEVICE_FAMILY = 1;
			};
			name = Debug;
		};
		B74C20422475901D0097A513 /* Release */ = {
			isa = XCBuildConfiguration;
			buildSettings = {
				CLANG_ENABLE_MODULES = YES;
				CODE_SIGN_STYLE = Automatic;
				CURRENT_PROJECT_VERSION = 0;
				DEFINES_MODULE = YES;
				DEVELOPMENT_TEAM = "";
				DYLIB_COMPATIBILITY_VERSION = 1;
				DYLIB_CURRENT_VERSION = 1;
				DYLIB_INSTALL_NAME_BASE = "@rpath";
				INFOPLIST_FILE = "Sources/Support files/Info.plist";
				INSTALL_PATH = "$(LOCAL_LIBRARY_DIR)/Frameworks";
				IPHONEOS_DEPLOYMENT_TARGET = 12.0;
				LD_RUNPATH_SEARCH_PATHS = (
					"$(inherited)",
					"@executable_path/Frameworks",
					"@loader_path/Frameworks",
				);
				MARKETING_VERSION = 0.3;
				PRODUCT_BUNDLE_IDENTIFIER = com.pimine.Pimine;
				PRODUCT_NAME = "$(TARGET_NAME:c99extidentifier)";
				SKIP_INSTALL = YES;
				SUPPORTS_MACCATALYST = NO;
				SWIFT_VERSION = 5.0;
				TARGETED_DEVICE_FAMILY = 1;
			};
			name = Release;
		};
/* End XCBuildConfiguration section */

/* Begin XCConfigurationList section */
		B74C20322475901D0097A513 /* Build configuration list for PBXProject "PimineSDK" */ = {
			isa = XCConfigurationList;
			buildConfigurations = (
				B74C203E2475901D0097A513 /* Debug */,
				B74C203F2475901D0097A513 /* Release */,
			);
			defaultConfigurationIsVisible = 0;
			defaultConfigurationName = Release;
		};
		B74C20402475901D0097A513 /* Build configuration list for PBXNativeTarget "PimineSDK" */ = {
			isa = XCConfigurationList;
			buildConfigurations = (
				B74C20412475901D0097A513 /* Debug */,
				B74C20422475901D0097A513 /* Release */,
			);
			defaultConfigurationIsVisible = 0;
			defaultConfigurationName = Release;
		};
/* End XCConfigurationList section */
	};
	rootObject = B74C202F2475901D0097A513 /* Project object */;
}
