{
  "object": {
    "pins": [
      {
        "package": "Purchases",
        "repositoryURL": "https://github.com/RevenueCat/purchases-ios",
        "state": {
          "branch": null,
          "revision": "4c299160274864036f96da3184bbde90d779fc43",
          "version": "3.10.3"
        }
      },
      {
        "package": "Realm",
        "repositoryURL": "https://github.com/realm/realm-cocoa",
        "state": {
          "branch": null,
          "revision": "44b9632b22240f0baa4b50964c5722e27094aea0",
          "version": "10.6.0"
        }
      },
      {
        "package": "RealmDatabase",
        "repositoryURL": "https://github.com/realm/realm-core",
        "state": {
          "branch": null,
          "revision": "6431a4bc6530ec16731ef1c66b379cbef6da01f0",
          "version": "10.5.0"
        }
      },
      {
        "package": "SwiftyStoreKit",
        "repositoryURL": "https://github.com/bizz84/SwiftyStoreKit",
        "state": {
          "branch": null,
          "revision": "3b54c8eac2840b0cdd576634e83d9ebeb70f847c",
          "version": "0.16.3"
        }
      }
    ]
  },
  "version": 1
}
