{
  "object": {
    "pins": [
      {
        "package": "Purchases",
        "repositoryURL": "https://github.com/RevenueCat/purchases-ios",
        "state": {
          "branch": null,
          "revision": "ce76602e23bba7ec34e06b9901e6454f42d38320",
          "version": "3.10.6"
        }
      },
      {
        "package": "Realm",
        "repositoryURL": "https://github.com/realm/realm-cocoa",
        "state": {
          "branch": null,
          "revision": "ae8e646590396dfc13c1abbf8aa2e48c43766dce",
          "version": "10.7.2"
        }
      },
      {
        "package": "RealmDatabase",
        "repositoryURL": "https://github.com/realm/realm-core",
        "state": {
          "branch": null,
          "revision": "bab46acdca91c417a0d4849b8f4992a3c17e29a5",
          "version": "10.5.5"
        }
      },
      {
        "package": "SVProgressHUD",
        "repositoryURL": "https://github.com/Pimine/SVProgressHUD",
        "state": {
          "branch": "master",
          "revision": "c645c4f118f674f2d201e08a31434299314663b8",
          "version": null
        }
      },
      {
        "package": "SwiftyStoreKit",
        "repositoryURL": "https://github.com/bizz84/SwiftyStoreKit",
        "state": {
          "branch": null,
          "revision": "3b54c8eac2840b0cdd576634e83d9ebeb70f847c",
          "version": "0.16.3"
        }
      }
    ]
  },
  "version": 1
}
