// !$*UTF8*$!
{
	archiveVersion = 1;
	classes = {
	};
	objectVersion = 50;
	objects = {

/* Begin PBXBuildFile section */
		B715F8782475BE8400BB98CD /* UserDefaultsBacked.swift in Sources */ = {isa = PBXBuildFile; fileRef = B715F8772475BE8400BB98CD /* UserDefaultsBacked.swift */; };
		B715F87A2475BF7B00BB98CD /* AnyOptional.swift in Sources */ = {isa = PBXBuildFile; fileRef = B715F8792475BF7B00BB98CD /* AnyOptional.swift */; };
		B715F87D2475C0FF00BB98CD /* SetExtensions.swift in Sources */ = {isa = PBXBuildFile; fileRef = B715F87C2475C0FF00BB98CD /* SetExtensions.swift */; };
		B715F87F2475C1E700BB98CD /* NameDescribable.swift in Sources */ = {isa = PBXBuildFile; fileRef = B715F87E2475C1E700BB98CD /* NameDescribable.swift */; };
		B715F8812475C1FC00BB98CD /* UIViewControllerExtensions.swift in Sources */ = {isa = PBXBuildFile; fileRef = B715F8802475C1FC00BB98CD /* UIViewControllerExtensions.swift */; };
		B74C203D2475901D0097A513 /* Pimine.h in Headers */ = {isa = PBXBuildFile; fileRef = B74C203B2475901D0097A513 /* Pimine.h */; settings = {ATTRIBUTES = (Public, ); }; };
		B74C205C247590AD0097A513 /* SwifterSwift.framework in Frameworks */ = {isa = PBXBuildFile; fileRef = B74C204E2475909F0097A513 /* SwifterSwift.framework */; };
		B74C205D247590AD0097A513 /* SwifterSwift.framework in Embed Frameworks */ = {isa = PBXBuildFile; fileRef = B74C204E2475909F0097A513 /* SwifterSwift.framework */; settings = {ATTRIBUTES = (CodeSignOnCopy, RemoveHeadersOnCopy, ); }; };
		B74C206A24759A470097A513 /* PMUtilities.swift in Sources */ = {isa = PBXBuildFile; fileRef = B74C206924759A470097A513 /* PMUtilities.swift */; };
		B74C206E24759CAB0097A513 /* UIApplicationExtensions.swift in Sources */ = {isa = PBXBuildFile; fileRef = B74C206D24759CAB0097A513 /* UIApplicationExtensions.swift */; };
		B74C20792475AA750097A513 /* PMAlert.swift in Sources */ = {isa = PBXBuildFile; fileRef = B74C20782475AA750097A513 /* PMAlert.swift */; };
		B74C207B2475AA960097A513 /* PMesssages.swift in Sources */ = {isa = PBXBuildFile; fileRef = B74C207A2475AA960097A513 /* PMesssages.swift */; };
/* End PBXBuildFile section */

/* Begin PBXContainerItemProxy section */
		B74C204D2475909F0097A513 /* PBXContainerItemProxy */ = {
			isa = PBXContainerItemProxy;
			containerPortal = B74C20432475909F0097A513 /* SwifterSwift.xcodeproj */;
			proxyType = 2;
			remoteGlobalIDString = 07898B5D1F278D7600558C97;
			remoteInfo = "SwifterSwift-iOS";
		};
		B74C204F2475909F0097A513 /* PBXContainerItemProxy */ = {
			isa = PBXContainerItemProxy;
			containerPortal = B74C20432475909F0097A513 /* SwifterSwift.xcodeproj */;
			proxyType = 2;
			remoteGlobalIDString = 07898B6B1F278D9700558C97;
			remoteInfo = "SwifterSwift-tvOS";
		};
		B74C20512475909F0097A513 /* PBXContainerItemProxy */ = {
			isa = PBXContainerItemProxy;
			containerPortal = B74C20432475909F0097A513 /* SwifterSwift.xcodeproj */;
			proxyType = 2;
			remoteGlobalIDString = 07898B781F278DBC00558C97;
			remoteInfo = "SwifterSwift-watchOS";
		};
		B74C20532475909F0097A513 /* PBXContainerItemProxy */ = {
			isa = PBXContainerItemProxy;
			containerPortal = B74C20432475909F0097A513 /* SwifterSwift.xcodeproj */;
			proxyType = 2;
			remoteGlobalIDString = 07898B851F278DD200558C97;
			remoteInfo = "SwifterSwift-macOS";
		};
		B74C20552475909F0097A513 /* PBXContainerItemProxy */ = {
			isa = PBXContainerItemProxy;
			containerPortal = B74C20432475909F0097A513 /* SwifterSwift.xcodeproj */;
			proxyType = 2;
			remoteGlobalIDString = 07C50CC91F5EAF2700F46E5A;
			remoteInfo = "SwifterSwift-iOSTests";
		};
		B74C20572475909F0097A513 /* PBXContainerItemProxy */ = {
			isa = PBXContainerItemProxy;
			containerPortal = B74C20432475909F0097A513 /* SwifterSwift.xcodeproj */;
			proxyType = 2;
			remoteGlobalIDString = 07C50CD81F5EAF4B00F46E5A;
			remoteInfo = "SwifterSwift-tvOSTests";
		};
		B74C20592475909F0097A513 /* PBXContainerItemProxy */ = {
			isa = PBXContainerItemProxy;
			containerPortal = B74C20432475909F0097A513 /* SwifterSwift.xcodeproj */;
			proxyType = 2;
			remoteGlobalIDString = 07C50CE71F5EAF6300F46E5A;
			remoteInfo = "SwifterSwift-macOSTests";
		};
/* End PBXContainerItemProxy section */

/* Begin PBXCopyFilesBuildPhase section */
		B74C205E247590AD0097A513 /* Embed Frameworks */ = {
			isa = PBXCopyFilesBuildPhase;
			buildActionMask = 2147483647;
			dstPath = "";
			dstSubfolderSpec = 10;
			files = (
				B74C205D247590AD0097A513 /* SwifterSwift.framework in Embed Frameworks */,
			);
			name = "Embed Frameworks";
			runOnlyForDeploymentPostprocessing = 0;
		};
/* End PBXCopyFilesBuildPhase section */

/* Begin PBXFileReference section */
		B715F8772475BE8400BB98CD /* UserDefaultsBacked.swift */ = {isa = PBXFileReference; lastKnownFileType = sourcecode.swift; path = UserDefaultsBacked.swift; sourceTree = "<group>"; };
		B715F8792475BF7B00BB98CD /* AnyOptional.swift */ = {isa = PBXFileReference; lastKnownFileType = sourcecode.swift; path = AnyOptional.swift; sourceTree = "<group>"; };
		B715F87C2475C0FF00BB98CD /* SetExtensions.swift */ = {isa = PBXFileReference; lastKnownFileType = sourcecode.swift; path = SetExtensions.swift; sourceTree = "<group>"; };
		B715F87E2475C1E700BB98CD /* NameDescribable.swift */ = {isa = PBXFileReference; lastKnownFileType = sourcecode.swift; path = NameDescribable.swift; sourceTree = "<group>"; };
		B715F8802475C1FC00BB98CD /* UIViewControllerExtensions.swift */ = {isa = PBXFileReference; lastKnownFileType = sourcecode.swift; path = UIViewControllerExtensions.swift; sourceTree = "<group>"; };
		B74C20382475901D0097A513 /* Pimine.framework */ = {isa = PBXFileReference; explicitFileType = wrapper.framework; includeInIndex = 0; path = Pimine.framework; sourceTree = BUILT_PRODUCTS_DIR; };
		B74C203B2475901D0097A513 /* Pimine.h */ = {isa = PBXFileReference; lastKnownFileType = sourcecode.c.h; path = Pimine.h; sourceTree = "<group>"; };
		B74C203C2475901D0097A513 /* Info.plist */ = {isa = PBXFileReference; lastKnownFileType = text.plist.xml; path = Info.plist; sourceTree = "<group>"; };
		B74C20432475909F0097A513 /* SwifterSwift.xcodeproj */ = {isa = PBXFileReference; lastKnownFileType = "wrapper.pb-project"; name = SwifterSwift.xcodeproj; path = SwifterSwift/SwifterSwift.xcodeproj; sourceTree = "<group>"; };
		B74C206924759A470097A513 /* PMUtilities.swift */ = {isa = PBXFileReference; lastKnownFileType = sourcecode.swift; path = PMUtilities.swift; sourceTree = "<group>"; };
		B74C206D24759CAB0097A513 /* UIApplicationExtensions.swift */ = {isa = PBXFileReference; lastKnownFileType = sourcecode.swift; path = UIApplicationExtensions.swift; sourceTree = "<group>"; };
		B74C20782475AA750097A513 /* PMAlert.swift */ = {isa = PBXFileReference; lastKnownFileType = sourcecode.swift; path = PMAlert.swift; sourceTree = "<group>"; };
		B74C207A2475AA960097A513 /* PMesssages.swift */ = {isa = PBXFileReference; lastKnownFileType = sourcecode.swift; path = PMesssages.swift; sourceTree = "<group>"; };
/* End PBXFileReference section */

/* Begin PBXFrameworksBuildPhase section */
		B74C20352475901D0097A513 /* Frameworks */ = {
			isa = PBXFrameworksBuildPhase;
			buildActionMask = 2147483647;
			files = (
				B74C205C247590AD0097A513 /* SwifterSwift.framework in Frameworks */,
			);
			runOnlyForDeploymentPostprocessing = 0;
		};
/* End PBXFrameworksBuildPhase section */

/* Begin PBXGroup section */
		B715F87B2475C0E600BB98CD /* SwiftStdLib */ = {
			isa = PBXGroup;
			children = (
				B715F87C2475C0FF00BB98CD /* SetExtensions.swift */,
			);
			path = SwiftStdLib;
			sourceTree = "<group>";
		};
		B715F8822475C32500BB98CD /* PropertyWrappers */ = {
			isa = PBXGroup;
			children = (
				B715F8772475BE8400BB98CD /* UserDefaultsBacked.swift */,
			);
			path = PropertyWrappers;
			sourceTree = "<group>";
		};
		B715F8832475C33700BB98CD /* Protocols */ = {
			isa = PBXGroup;
			children = (
				B715F8792475BF7B00BB98CD /* AnyOptional.swift */,
				B715F87E2475C1E700BB98CD /* NameDescribable.swift */,
			);
			path = Protocols;
			sourceTree = "<group>";
		};
		B74C202E2475901D0097A513 = {
			isa = PBXGroup;
			children = (
				B74C20432475909F0097A513 /* SwifterSwift.xcodeproj */,
				B74C203A2475901D0097A513 /* Sources */,
				B74C20392475901D0097A513 /* Products */,
				B74C205B247590AD0097A513 /* Frameworks */,
			);
			sourceTree = "<group>";
		};
		B74C20392475901D0097A513 /* Products */ = {
			isa = PBXGroup;
			children = (
				B74C20382475901D0097A513 /* Pimine.framework */,
			);
			name = Products;
			sourceTree = "<group>";
		};
		B74C203A2475901D0097A513 /* Sources */ = {
			isa = PBXGroup;
			children = (
				B74C20772475A9690097A513 /* Support files */,
				B74C2068247598890097A513 /* Utilities */,
				B74C206B24759C7A0097A513 /* Extensions */,
			);
			path = Sources;
			sourceTree = "<group>";
		};
		B74C20442475909F0097A513 /* Products */ = {
			isa = PBXGroup;
			children = (
				B74C204E2475909F0097A513 /* SwifterSwift.framework */,
				B74C20502475909F0097A513 /* SwifterSwift.framework */,
				B74C20522475909F0097A513 /* SwifterSwift.framework */,
				B74C20542475909F0097A513 /* SwifterSwift.framework */,
				B74C20562475909F0097A513 /* SwifterSwift-iOSTests.xctest */,
				B74C20582475909F0097A513 /* SwifterSwift-tvOSTests.xctest */,
				B74C205A2475909F0097A513 /* SwifterSwift-macOSTests.xctest */,
			);
			name = Products;
			sourceTree = "<group>";
		};
		B74C205B247590AD0097A513 /* Frameworks */ = {
			isa = PBXGroup;
			children = (
			);
			name = Frameworks;
			sourceTree = "<group>";
		};
		B74C2068247598890097A513 /* Utilities */ = {
			isa = PBXGroup;
			children = (
				B715F8832475C33700BB98CD /* Protocols */,
				B715F8822475C32500BB98CD /* PropertyWrappers */,
				B74C20782475AA750097A513 /* PMAlert.swift */,
				B74C206924759A470097A513 /* PMUtilities.swift */,
				B74C207A2475AA960097A513 /* PMesssages.swift */,
			);
			path = Utilities;
			sourceTree = "<group>";
		};
		B74C206B24759C7A0097A513 /* Extensions */ = {
			isa = PBXGroup;
			children = (
				B715F87B2475C0E600BB98CD /* SwiftStdLib */,
				B74C206C24759C9B0097A513 /* UIKit */,
			);
			path = Extensions;
			sourceTree = "<group>";
		};
		B74C206C24759C9B0097A513 /* UIKit */ = {
			isa = PBXGroup;
			children = (
				B74C206D24759CAB0097A513 /* UIApplicationExtensions.swift */,
				B715F8802475C1FC00BB98CD /* UIViewControllerExtensions.swift */,
			);
			path = UIKit;
			sourceTree = "<group>";
		};
		B74C20772475A9690097A513 /* Support files */ = {
			isa = PBXGroup;
			children = (
				B74C203B2475901D0097A513 /* Pimine.h */,
				B74C203C2475901D0097A513 /* Info.plist */,
			);
			path = "Support files";
			sourceTree = "<group>";
		};
/* End PBXGroup section */

/* Begin PBXHeadersBuildPhase section */
		B74C20332475901D0097A513 /* Headers */ = {
			isa = PBXHeadersBuildPhase;
			buildActionMask = 2147483647;
			files = (
				B74C203D2475901D0097A513 /* Pimine.h in Headers */,
			);
			runOnlyForDeploymentPostprocessing = 0;
		};
/* End PBXHeadersBuildPhase section */

/* Begin PBXNativeTarget section */
		B74C20372475901D0097A513 /* Pimine */ = {
			isa = PBXNativeTarget;
			buildConfigurationList = B74C20402475901D0097A513 /* Build configuration list for PBXNativeTarget "Pimine" */;
			buildPhases = (
				B74C20332475901D0097A513 /* Headers */,
				B74C20342475901D0097A513 /* Sources */,
				B74C20352475901D0097A513 /* Frameworks */,
				B74C20362475901D0097A513 /* Resources */,
				B74C205E247590AD0097A513 /* Embed Frameworks */,
			);
			buildRules = (
			);
			dependencies = (
			);
			name = Pimine;
			productName = PimineSDK;
			productReference = B74C20382475901D0097A513 /* Pimine.framework */;
			productType = "com.apple.product-type.framework";
		};
/* End PBXNativeTarget section */

/* Begin PBXProject section */
		B74C202F2475901D0097A513 /* Project object */ = {
			isa = PBXProject;
			attributes = {
				LastUpgradeCheck = 1140;
				ORGANIZATIONNAME = Pimine;
				TargetAttributes = {
					B74C20372475901D0097A513 = {
						CreatedOnToolsVersion = 11.4.1;
						LastSwiftMigration = 1140;
					};
				};
			};
			buildConfigurationList = B74C20322475901D0097A513 /* Build configuration list for PBXProject "Pimine" */;
			compatibilityVersion = "Xcode 9.3";
			developmentRegion = en;
			hasScannedForEncodings = 0;
			knownRegions = (
				en,
				Base,
			);
			mainGroup = B74C202E2475901D0097A513;
			productRefGroup = B74C20392475901D0097A513 /* Products */;
			projectDirPath = "";
			projectReferences = (
				{
					ProductGroup = B74C20442475909F0097A513 /* Products */;
					ProjectRef = B74C20432475909F0097A513 /* SwifterSwift.xcodeproj */;
				},
			);
			projectRoot = "";
			targets = (
				B74C20372475901D0097A513 /* Pimine */,
			);
		};
/* End PBXProject section */

/* Begin PBXReferenceProxy section */
		B74C204E2475909F0097A513 /* SwifterSwift.framework */ = {
			isa = PBXReferenceProxy;
			fileType = wrapper.framework;
			path = SwifterSwift.framework;
			remoteRef = B74C204D2475909F0097A513 /* PBXContainerItemProxy */;
			sourceTree = BUILT_PRODUCTS_DIR;
		};
		B74C20502475909F0097A513 /* SwifterSwift.framework */ = {
			isa = PBXReferenceProxy;
			fileType = wrapper.framework;
			path = SwifterSwift.framework;
			remoteRef = B74C204F2475909F0097A513 /* PBXContainerItemProxy */;
			sourceTree = BUILT_PRODUCTS_DIR;
		};
		B74C20522475909F0097A513 /* SwifterSwift.framework */ = {
			isa = PBXReferenceProxy;
			fileType = wrapper.framework;
			path = SwifterSwift.framework;
			remoteRef = B74C20512475909F0097A513 /* PBXContainerItemProxy */;
			sourceTree = BUILT_PRODUCTS_DIR;
		};
		B74C20542475909F0097A513 /* SwifterSwift.framework */ = {
			isa = PBXReferenceProxy;
			fileType = wrapper.framework;
			path = SwifterSwift.framework;
			remoteRef = B74C20532475909F0097A513 /* PBXContainerItemProxy */;
			sourceTree = BUILT_PRODUCTS_DIR;
		};
		B74C20562475909F0097A513 /* SwifterSwift-iOSTests.xctest */ = {
			isa = PBXReferenceProxy;
			fileType = wrapper.cfbundle;
			path = "SwifterSwift-iOSTests.xctest";
			remoteRef = B74C20552475909F0097A513 /* PBXContainerItemProxy */;
			sourceTree = BUILT_PRODUCTS_DIR;
		};
		B74C20582475909F0097A513 /* SwifterSwift-tvOSTests.xctest */ = {
			isa = PBXReferenceProxy;
			fileType = wrapper.cfbundle;
			path = "SwifterSwift-tvOSTests.xctest";
			remoteRef = B74C20572475909F0097A513 /* PBXContainerItemProxy */;
			sourceTree = BUILT_PRODUCTS_DIR;
		};
		B74C205A2475909F0097A513 /* SwifterSwift-macOSTests.xctest */ = {
			isa = PBXReferenceProxy;
			fileType = wrapper.cfbundle;
			path = "SwifterSwift-macOSTests.xctest";
			remoteRef = B74C20592475909F0097A513 /* PBXContainerItemProxy */;
			sourceTree = BUILT_PRODUCTS_DIR;
		};
/* End PBXReferenceProxy section */

/* Begin PBXResourcesBuildPhase section */
		B74C20362475901D0097A513 /* Resources */ = {
			isa = PBXResourcesBuildPhase;
			buildActionMask = 2147483647;
			files = (
			);
			runOnlyForDeploymentPostprocessing = 0;
		};
/* End PBXResourcesBuildPhase section */

/* Begin PBXSourcesBuildPhase section */
		B74C20342475901D0097A513 /* Sources */ = {
			isa = PBXSourcesBuildPhase;
			buildActionMask = 2147483647;
			files = (
				B74C206E24759CAB0097A513 /* UIApplicationExtensions.swift in Sources */,
				B715F87F2475C1E700BB98CD /* NameDescribable.swift in Sources */,
				B715F8782475BE8400BB98CD /* UserDefaultsBacked.swift in Sources */,
				B715F87A2475BF7B00BB98CD /* AnyOptional.swift in Sources */,
				B715F8812475C1FC00BB98CD /* UIViewControllerExtensions.swift in Sources */,
				B74C207B2475AA960097A513 /* PMesssages.swift in Sources */,
				B74C206A24759A470097A513 /* PMUtilities.swift in Sources */,
				B715F87D2475C0FF00BB98CD /* SetExtensions.swift in Sources */,
				B74C20792475AA750097A513 /* PMAlert.swift in Sources */,
			);
			runOnlyForDeploymentPostprocessing = 0;
		};
/* End PBXSourcesBuildPhase section */

/* Begin XCBuildConfiguration section */
		B74C203E2475901D0097A513 /* Debug */ = {
			isa = XCBuildConfiguration;
			buildSettings = {
				ALWAYS_SEARCH_USER_PATHS = NO;
				CLANG_ANALYZER_NONNULL = YES;
				CLANG_ANALYZER_NUMBER_OBJECT_CONVERSION = YES_AGGRESSIVE;
				CLANG_CXX_LANGUAGE_STANDARD = "gnu++14";
				CLANG_CXX_LIBRARY = "libc++";
				CLANG_ENABLE_MODULES = YES;
				CLANG_ENABLE_OBJC_ARC = YES;
				CLANG_ENABLE_OBJC_WEAK = YES;
				CLANG_WARN_BLOCK_CAPTURE_AUTORELEASING = YES;
				CLANG_WARN_BOOL_CONVERSION = YES;
				CLANG_WARN_COMMA = YES;
				CLANG_WARN_CONSTANT_CONVERSION = YES;
				CLANG_WARN_DEPRECATED_OBJC_IMPLEMENTATIONS = YES;
				CLANG_WARN_DIRECT_OBJC_ISA_USAGE = YES_ERROR;
				CLANG_WARN_DOCUMENTATION_COMMENTS = YES;
				CLANG_WARN_EMPTY_BODY = YES;
				CLANG_WARN_ENUM_CONVERSION = YES;
				CLANG_WARN_INFINITE_RECURSION = YES;
				CLANG_WARN_INT_CONVERSION = YES;
				CLANG_WARN_NON_LITERAL_NULL_CONVERSION = YES;
				CLANG_WARN_OBJC_IMPLICIT_RETAIN_SELF = YES;
				CLANG_WARN_OBJC_LITERAL_CONVERSION = YES;
				CLANG_WARN_OBJC_ROOT_CLASS = YES_ERROR;
				CLANG_WARN_RANGE_LOOP_ANALYSIS = YES;
				CLANG_WARN_STRICT_PROTOTYPES = YES;
				CLANG_WARN_SUSPICIOUS_MOVE = YES;
				CLANG_WARN_UNGUARDED_AVAILABILITY = YES_AGGRESSIVE;
				CLANG_WARN_UNREACHABLE_CODE = YES;
				CLANG_WARN__DUPLICATE_METHOD_MATCH = YES;
				COPY_PHASE_STRIP = NO;
				CURRENT_PROJECT_VERSION = 1;
				DEBUG_INFORMATION_FORMAT = dwarf;
				ENABLE_STRICT_OBJC_MSGSEND = YES;
				ENABLE_TESTABILITY = YES;
				GCC_C_LANGUAGE_STANDARD = gnu11;
				GCC_DYNAMIC_NO_PIC = NO;
				GCC_NO_COMMON_BLOCKS = YES;
				GCC_OPTIMIZATION_LEVEL = 0;
				GCC_PREPROCESSOR_DEFINITIONS = (
					"DEBUG=1",
					"$(inherited)",
				);
				GCC_WARN_64_TO_32_BIT_CONVERSION = YES;
				GCC_WARN_ABOUT_RETURN_TYPE = YES_ERROR;
				GCC_WARN_UNDECLARED_SELECTOR = YES;
				GCC_WARN_UNINITIALIZED_AUTOS = YES_AGGRESSIVE;
				GCC_WARN_UNUSED_FUNCTION = YES;
				GCC_WARN_UNUSED_VARIABLE = YES;
				IPHONEOS_DEPLOYMENT_TARGET = 13.4;
				MTL_ENABLE_DEBUG_INFO = INCLUDE_SOURCE;
				MTL_FAST_MATH = YES;
				ONLY_ACTIVE_ARCH = YES;
				SDKROOT = iphoneos;
				SWIFT_ACTIVE_COMPILATION_CONDITIONS = DEBUG;
				SWIFT_OPTIMIZATION_LEVEL = "-Onone";
				VERSIONING_SYSTEM = "apple-generic";
				VERSION_INFO_PREFIX = "";
			};
			name = Debug;
		};
		B74C203F2475901D0097A513 /* Release */ = {
			isa = XCBuildConfiguration;
			buildSettings = {
				ALWAYS_SEARCH_USER_PATHS = NO;
				CLANG_ANALYZER_NONNULL = YES;
				CLANG_ANALYZER_NUMBER_OBJECT_CONVERSION = YES_AGGRESSIVE;
				CLANG_CXX_LANGUAGE_STANDARD = "gnu++14";
				CLANG_CXX_LIBRARY = "libc++";
				CLANG_ENABLE_MODULES = YES;
				CLANG_ENABLE_OBJC_ARC = YES;
				CLANG_ENABLE_OBJC_WEAK = YES;
				CLANG_WARN_BLOCK_CAPTURE_AUTORELEASING = YES;
				CLANG_WARN_BOOL_CONVERSION = YES;
				CLANG_WARN_COMMA = YES;
				CLANG_WARN_CONSTANT_CONVERSION = YES;
				CLANG_WARN_DEPRECATED_OBJC_IMPLEMENTATIONS = YES;
				CLANG_WARN_DIRECT_OBJC_ISA_USAGE = YES_ERROR;
				CLANG_WARN_DOCUMENTATION_COMMENTS = YES;
				CLANG_WARN_EMPTY_BODY = YES;
				CLANG_WARN_ENUM_CONVERSION = YES;
				CLANG_WARN_INFINITE_RECURSION = YES;
				CLANG_WARN_INT_CONVERSION = YES;
				CLANG_WARN_NON_LITERAL_NULL_CONVERSION = YES;
				CLANG_WARN_OBJC_IMPLICIT_RETAIN_SELF = YES;
				CLANG_WARN_OBJC_LITERAL_CONVERSION = YES;
				CLANG_WARN_OBJC_ROOT_CLASS = YES_ERROR;
				CLANG_WARN_RANGE_LOOP_ANALYSIS = YES;
				CLANG_WARN_STRICT_PROTOTYPES = YES;
				CLANG_WARN_SUSPICIOUS_MOVE = YES;
				CLANG_WARN_UNGUARDED_AVAILABILITY = YES_AGGRESSIVE;
				CLANG_WARN_UNREACHABLE_CODE = YES;
				CLANG_WARN__DUPLICATE_METHOD_MATCH = YES;
				COPY_PHASE_STRIP = NO;
				CURRENT_PROJECT_VERSION = 1;
				DEBUG_INFORMATION_FORMAT = "dwarf-with-dsym";
				ENABLE_NS_ASSERTIONS = NO;
				ENABLE_STRICT_OBJC_MSGSEND = YES;
				GCC_C_LANGUAGE_STANDARD = gnu11;
				GCC_NO_COMMON_BLOCKS = YES;
				GCC_WARN_64_TO_32_BIT_CONVERSION = YES;
				GCC_WARN_ABOUT_RETURN_TYPE = YES_ERROR;
				GCC_WARN_UNDECLARED_SELECTOR = YES;
				GCC_WARN_UNINITIALIZED_AUTOS = YES_AGGRESSIVE;
				GCC_WARN_UNUSED_FUNCTION = YES;
				GCC_WARN_UNUSED_VARIABLE = YES;
				IPHONEOS_DEPLOYMENT_TARGET = 13.4;
				MTL_ENABLE_DEBUG_INFO = NO;
				MTL_FAST_MATH = YES;
				SDKROOT = iphoneos;
				SWIFT_COMPILATION_MODE = wholemodule;
				SWIFT_OPTIMIZATION_LEVEL = "-O";
				VALIDATE_PRODUCT = YES;
				VERSIONING_SYSTEM = "apple-generic";
				VERSION_INFO_PREFIX = "";
			};
			name = Release;
		};
		B74C20412475901D0097A513 /* Debug */ = {
			isa = XCBuildConfiguration;
			buildSettings = {
				CLANG_ENABLE_MODULES = YES;
				CODE_SIGN_STYLE = Automatic;
				CURRENT_PROJECT_VERSION = 0;
				DEFINES_MODULE = YES;
				DEVELOPMENT_TEAM = "";
				DYLIB_COMPATIBILITY_VERSION = 1;
				DYLIB_CURRENT_VERSION = 1;
				DYLIB_INSTALL_NAME_BASE = "@rpath";
				INFOPLIST_FILE = "Sources/Support files/Info.plist";
				INSTALL_PATH = "$(LOCAL_LIBRARY_DIR)/Frameworks";
				IPHONEOS_DEPLOYMENT_TARGET = 13.0;
				LD_RUNPATH_SEARCH_PATHS = (
					"$(inherited)",
					"@executable_path/Frameworks",
					"@loader_path/Frameworks",
				);
				MARKETING_VERSION = 0.3;
				PRODUCT_BUNDLE_IDENTIFIER = com.pimine.Pimine;
				PRODUCT_NAME = "$(TARGET_NAME:c99extidentifier)";
				SKIP_INSTALL = YES;
				SUPPORTS_MACCATALYST = NO;
				SWIFT_OPTIMIZATION_LEVEL = "-Onone";
				SWIFT_VERSION = 5.0;
				TARGETED_DEVICE_FAMILY = 1;
			};
			name = Debug;
		};
		B74C20422475901D0097A513 /* Release */ = {
			isa = XCBuildConfiguration;
			buildSettings = {
				CLANG_ENABLE_MODULES = YES;
				CODE_SIGN_STYLE = Automatic;
				CURRENT_PROJECT_VERSION = 0;
				DEFINES_MODULE = YES;
				DEVELOPMENT_TEAM = "";
				DYLIB_COMPATIBILITY_VERSION = 1;
				DYLIB_CURRENT_VERSION = 1;
				DYLIB_INSTALL_NAME_BASE = "@rpath";
				INFOPLIST_FILE = "Sources/Support files/Info.plist";
				INSTALL_PATH = "$(LOCAL_LIBRARY_DIR)/Frameworks";
				IPHONEOS_DEPLOYMENT_TARGET = 13.0;
				LD_RUNPATH_SEARCH_PATHS = (
					"$(inherited)",
					"@executable_path/Frameworks",
					"@loader_path/Frameworks",
				);
				MARKETING_VERSION = 0.3;
				PRODUCT_BUNDLE_IDENTIFIER = com.pimine.Pimine;
				PRODUCT_NAME = "$(TARGET_NAME:c99extidentifier)";
				SKIP_INSTALL = YES;
				SUPPORTS_MACCATALYST = NO;
				SWIFT_VERSION = 5.0;
				TARGETED_DEVICE_FAMILY = 1;
			};
			name = Release;
		};
/* End XCBuildConfiguration section */

/* Begin XCConfigurationList section */
		B74C20322475901D0097A513 /* Build configuration list for PBXProject "Pimine" */ = {
			isa = XCConfigurationList;
			buildConfigurations = (
				B74C203E2475901D0097A513 /* Debug */,
				B74C203F2475901D0097A513 /* Release */,
			);
			defaultConfigurationIsVisible = 0;
			defaultConfigurationName = Release;
		};
		B74C20402475901D0097A513 /* Build configuration list for PBXNativeTarget "Pimine" */ = {
			isa = XCConfigurationList;
			buildConfigurations = (
				B74C20412475901D0097A513 /* Debug */,
				B74C20422475901D0097A513 /* Release */,
			);
			defaultConfigurationIsVisible = 0;
			defaultConfigurationName = Release;
		};
/* End XCConfigurationList section */
	};
	rootObject = B74C202F2475901D0097A513 /* Project object */;
}
